
Microsoft Visual Studio Solution File, Format Version 12.00
# Visual Studio Version 17
VisualStudioVersion = 17.5.33627.172
MinimumVisualStudioVersion = 10.0.40219.1
Project("{FAE04EC0-301F-11D3-BF4B-00C04F79EFBC}") = "Form_Loading", "Form_Loading.csproj", "{88017E28-7198-4F45-A6DC-19C69EBB2499}"
EndProject
Project("{FAE04EC0-301F-11D3-BF4B-00C04F79EFBC}") = "FormFive", "..\FormFive\FormFive.csproj", "{E58BE124-1DDE-4A95-BEE5-01BC5BE6D9FD}"
EndProject
Project("{2150E333-8FDC-42A3-9474-1A3956D46DE8}") = "Solution Items", "Solution Items", "{98E8054A-7E77-4A83-B5D8-FC437CCD1025}"
EndProject
Global
	GlobalSection(SolutionConfigurationPlatforms) = preSolution
		Debug|Any CPU = Debug|Any CPU
		Release|Any CPU = Release|Any CPU
	EndGlobalSection
	GlobalSection(ProjectConfigurationPlatforms) = postSolution
		{88017E28-7198-4F45-A6DC-19C69EBB2499}.Debug|Any CPU.ActiveCfg = Debug|Any CPU
		{88017E28-7198-4F45-A6DC-19C69EBB2499}.Debug|Any CPU.Build.0 = Debug|Any CPU
		{88017E28-7198-4F45-A6DC-19C69EBB2499}.Release|Any CPU.ActiveCfg = Release|Any CPU
		{88017E28-7198-4F45-A6DC-19C69EBB2499}.Release|Any CPU.Build.0 = Release|Any CPU
		{E58BE124-1DDE-4A95-BEE5-01BC5BE6D9FD}.Debug|Any CPU.ActiveCfg = Debug|Any CPU
		{E58BE124-1DDE-4A95-BEE5-01BC5BE6D9FD}.Debug|Any CPU.Build.0 = Debug|Any CPU
		{E58BE124-1DDE-4A95-BEE5-01BC5BE6D9FD}.Release|Any CPU.ActiveCfg = Release|Any CPU
		{E58BE124-1DDE-4A95-BEE5-01BC5BE6D9FD}.Release|Any CPU.Build.0 = Release|Any CPU
	EndGlobalSection
	GlobalSection(SolutionProperties) = preSolution
		HideSolutionNode = FALSE
	EndGlobalSection
	GlobalSection(ExtensibilityGlobals) = postSolution
		SolutionGuid = {01C9D964-E241-498C-820A-C5A64934429D}
	EndGlobalSection
EndGlobal
